<?xml version="1.0" encoding="UTF-8"?>
<CodeBlocks_project_file>
	<FileVersion major="1" minor="6"/>
	<Project>
		<Option title="PokerHand"/>
		<Option makefile_is_custom="1"/>
		<Option compiler="gcc"/>
		<Option virtualFolders="CMake Files\;"/>
		<Build>
			<Target title="all">
				<Option working_dir="/Users/markbarbaric/Documents/Developer/C++/GrabYoTest"/>
				<Option type="4"/>
				<MakeCommands>
					<Build command="/usr/bin/make -f &quot;/Users/markbarbaric/Documents/Developer/C++/GrabYoTest/Makefile&quot;  VERBOSE=1 all"/>
					<CompileFile command="/usr/bin/make -f &quot;/Users/markbarbaric/Documents/Developer/C++/GrabYoTest/Makefile&quot;  VERBOSE=1 &quot;$file&quot;"/>
					<Clean command="/usr/bin/make -f &quot;/Users/markbarbaric/Documents/Developer/C++/GrabYoTest/Makefile&quot;  VERBOSE=1 clean"/>
					<DistClean command="/usr/bin/make -f &quot;/Users/markbarbaric/Documents/Developer/C++/GrabYoTest/Makefile&quot;  VERBOSE=1 clean"/>
				</MakeCommands>
			</Target>
			<Target title="rebuild_cache">
				<Option working_dir="/Users/markbarbaric/Documents/Developer/C++/GrabYoTest"/>
				<Option type="4"/>
				<MakeCommands>
					<Build command="/usr/bin/make -f &quot;/Users/markbarbaric/Documents/Developer/C++/GrabYoTest/Makefile&quot;  VERBOSE=1 rebuild_cache"/>
					<CompileFile command="/usr/bin/make -f &quot;/Users/markbarbaric/Documents/Developer/C++/GrabYoTest/Makefile&quot;  VERBOSE=1 &quot;$file&quot;"/>
					<Clean command="/usr/bin/make -f &quot;/Users/markbarbaric/Documents/Developer/C++/GrabYoTest/Makefile&quot;  VERBOSE=1 clean"/>
					<DistClean command="/usr/bin/make -f &quot;/Users/markbarbaric/Documents/Developer/C++/GrabYoTest/Makefile&quot;  VERBOSE=1 clean"/>
				</MakeCommands>
			</Target>
			<Target title="edit_cache">
				<Option working_dir="/Users/markbarbaric/Documents/Developer/C++/GrabYoTest"/>
				<Option type="4"/>
				<MakeCommands>
					<Build command="/usr/bin/make -f &quot;/Users/markbarbaric/Documents/Developer/C++/GrabYoTest/Makefile&quot;  VERBOSE=1 edit_cache"/>
					<CompileFile command="/usr/bin/make -f &quot;/Users/markbarbaric/Documents/Developer/C++/GrabYoTest/Makefile&quot;  VERBOSE=1 &quot;$file&quot;"/>
					<Clean command="/usr/bin/make -f &quot;/Users/markbarbaric/Documents/Developer/C++/GrabYoTest/Makefile&quot;  VERBOSE=1 clean"/>
					<DistClean command="/usr/bin/make -f &quot;/Users/markbarbaric/Documents/Developer/C++/GrabYoTest/Makefile&quot;  VERBOSE=1 clean"/>
				</MakeCommands>
			</Target>
			<Target title="PokerLib">
				<Option output="/Users/markbarbaric/Documents/Developer/C++/GrabYoTest/libPokerLib.a" prefix_auto="0" extension_auto="0"/>
				<Option working_dir="/Users/markbarbaric/Documents/Developer/C++/GrabYoTest"/>
				<Option object_output="./"/>
				<Option type="2"/>
				<Option compiler="gcc"/>
				<Compiler/>
				<MakeCommands>
					<Build command="/usr/bin/make -f &quot;/Users/markbarbaric/Documents/Developer/C++/GrabYoTest/Makefile&quot;  VERBOSE=1 PokerLib"/>
					<CompileFile command="/usr/bin/make -f &quot;/Users/markbarbaric/Documents/Developer/C++/GrabYoTest/Makefile&quot;  VERBOSE=1 &quot;$file&quot;"/>
					<Clean command="/usr/bin/make -f &quot;/Users/markbarbaric/Documents/Developer/C++/GrabYoTest/Makefile&quot;  VERBOSE=1 clean"/>
					<DistClean command="/usr/bin/make -f &quot;/Users/markbarbaric/Documents/Developer/C++/GrabYoTest/Makefile&quot;  VERBOSE=1 clean"/>
				</MakeCommands>
			</Target>
			<Target title="PokerLib/fast">
				<Option output="/Users/markbarbaric/Documents/Developer/C++/GrabYoTest/libPokerLib.a" prefix_auto="0" extension_auto="0"/>
				<Option working_dir="/Users/markbarbaric/Documents/Developer/C++/GrabYoTest"/>
				<Option object_output="./"/>
				<Option type="2"/>
				<Option compiler="gcc"/>
				<Compiler/>
				<MakeCommands>
					<Build command="/usr/bin/make -f &quot;/Users/markbarbaric/Documents/Developer/C++/GrabYoTest/Makefile&quot;  VERBOSE=1 PokerLib/fast"/>
					<CompileFile command="/usr/bin/make -f &quot;/Users/markbarbaric/Documents/Developer/C++/GrabYoTest/Makefile&quot;  VERBOSE=1 &quot;$file&quot;"/>
					<Clean command="/usr/bin/make -f &quot;/Users/markbarbaric/Documents/Developer/C++/GrabYoTest/Makefile&quot;  VERBOSE=1 clean"/>
					<DistClean command="/usr/bin/make -f &quot;/Users/markbarbaric/Documents/Developer/C++/GrabYoTest/Makefile&quot;  VERBOSE=1 clean"/>
				</MakeCommands>
			</Target>
			<Target title="PokerTestRunner">
				<Option output="/Users/markbarbaric/Documents/Developer/C++/GrabYoTest/PokerTestRunner" prefix_auto="0" extension_auto="0"/>
				<Option working_dir="/Users/markbarbaric/Documents/Developer/C++/GrabYoTest"/>
				<Option object_output="./"/>
				<Option type="1"/>
				<Option compiler="gcc"/>
				<Compiler/>
				<MakeCommands>
					<Build command="/usr/bin/make -f &quot;/Users/markbarbaric/Documents/Developer/C++/GrabYoTest/Makefile&quot;  VERBOSE=1 PokerTestRunner"/>
					<CompileFile command="/usr/bin/make -f &quot;/Users/markbarbaric/Documents/Developer/C++/GrabYoTest/Makefile&quot;  VERBOSE=1 &quot;$file&quot;"/>
					<Clean command="/usr/bin/make -f &quot;/Users/markbarbaric/Documents/Developer/C++/GrabYoTest/Makefile&quot;  VERBOSE=1 clean"/>
					<DistClean command="/usr/bin/make -f &quot;/Users/markbarbaric/Documents/Developer/C++/GrabYoTest/Makefile&quot;  VERBOSE=1 clean"/>
				</MakeCommands>
			</Target>
			<Target title="PokerTestRunner/fast">
				<Option output="/Users/markbarbaric/Documents/Developer/C++/GrabYoTest/PokerTestRunner" prefix_auto="0" extension_auto="0"/>
				<Option working_dir="/Users/markbarbaric/Documents/Developer/C++/GrabYoTest"/>
				<Option object_output="./"/>
				<Option type="1"/>
				<Option compiler="gcc"/>
				<Compiler/>
				<MakeCommands>
					<Build command="/usr/bin/make -f &quot;/Users/markbarbaric/Documents/Developer/C++/GrabYoTest/Makefile&quot;  VERBOSE=1 PokerTestRunner/fast"/>
					<CompileFile command="/usr/bin/make -f &quot;/Users/markbarbaric/Documents/Developer/C++/GrabYoTest/Makefile&quot;  VERBOSE=1 &quot;$file&quot;"/>
					<Clean command="/usr/bin/make -f &quot;/Users/markbarbaric/Documents/Developer/C++/GrabYoTest/Makefile&quot;  VERBOSE=1 clean"/>
					<DistClean command="/usr/bin/make -f &quot;/Users/markbarbaric/Documents/Developer/C++/GrabYoTest/Makefile&quot;  VERBOSE=1 clean"/>
				</MakeCommands>
			</Target>
		</Build>
		<Unit filename="/Users/markbarbaric/Documents/Developer/C++/GrabYoTest/Lib/PokerDefs.h">
			<Option target="PokerLib"/>
		</Unit>
		<Unit filename="/Users/markbarbaric/Documents/Developer/C++/GrabYoTest/Lib/PokerHand.cpp">
			<Option target="PokerLib"/>
		</Unit>
		<Unit filename="/Users/markbarbaric/Documents/Developer/C++/GrabYoTest/Lib/PokerHand.h">
			<Option target="PokerLib"/>
		</Unit>
		<Unit filename="/Users/markbarbaric/Documents/Developer/C++/GrabYoTest/Lib/StringHelpers.h">
			<Option target="PokerLib"/>
		</Unit>
		<Unit filename="/Users/markbarbaric/Documents/Developer/C++/GrabYoTest/PokerHandTestRunner.cpp">
			<Option target="PokerTestRunner"/>
		</Unit>
		<Unit filename="/Users/markbarbaric/Documents/Developer/C++/GrabYoTest/Tests/PokerHandComparisonTests.cpp">
			<Option target="PokerTestRunner"/>
		</Unit>
		<Unit filename="/Users/markbarbaric/Documents/Developer/C++/GrabYoTest/Tests/PokerHandRankTests.cpp">
			<Option target="PokerTestRunner"/>
		</Unit>
		<Unit filename="/Users/markbarbaric/Documents/Developer/C++/GrabYoTest/Tests/PokerHandScoreTests.cpp">
			<Option target="PokerTestRunner"/>
		</Unit>
		<Unit filename="/Users/markbarbaric/Documents/Developer/C++/GrabYoTest/Tests/StringHelperTests.cpp">
			<Option target="PokerTestRunner"/>
		</Unit>
		<Unit filename="/Users/markbarbaric/Documents/Developer/C++/GrabYoTest/CMakeLists.txt">
			<Option virtualFolder="CMake Files\"/>
		</Unit>
	</Project>
</CodeBlocks_project_file>
